{
    "_readme": [
        "This file locks the dependencies of your project to a known state",
        "Read more about it at https://getcomposer.org/doc/01-basic-usage.md#composer-lock-the-lock-file",
        "This file is @generated automatically"
    ],
    "content-hash": "283d7e7cf1444b2b1af74e41296d6777",
    "packages": [
        {
            "name": "doctrine/annotations",
            "version": "v1.4.0",
            "source": {
                "type": "git",
                "url": "https://github.com/doctrine/annotations.git",
                "reference": "54cacc9b81758b14e3ce750f205a393d52339e97"
            },
            "dist": {
                "type": "zip",
                "url": "https://api.github.com/repos/doctrine/annotations/zipball/54cacc9b81758b14e3ce750f205a393d52339e97",
                "reference": "54cacc9b81758b14e3ce750f205a393d52339e97",
                "shasum": ""
            },
            "require": {
                "doctrine/lexer": "1.*",
                "php": "^5.6 || ^7.0"
            },
            "require-dev": {
                "doctrine/cache": "1.*",
                "phpunit/phpunit": "^5.7"
            },
            "type": "library",
            "extra": {
                "branch-alias": {
                    "dev-master": "1.4.x-dev"
                }
            },
            "autoload": {
                "psr-4": {
                    "Doctrine\\Common\\Annotations\\": "lib/Doctrine/Common/Annotations"
                }
            },
            "notification-url": "https://packagist.org/downloads/",
            "license": [
                "MIT"
            ],
            "authors": [
                {
                    "name": "Roman Borschel",
                    "email": "roman@code-factory.org"
                },
                {
                    "name": "Benjamin Eberlei",
                    "email": "kontakt@beberlei.de"
                },
                {
                    "name": "Guilherme Blanco",
                    "email": "guilhermeblanco@gmail.com"
                },
                {
                    "name": "Jonathan Wage",
                    "email": "jonwage@gmail.com"
                },
                {
                    "name": "Johannes Schmitt",
                    "email": "schmittjoh@gmail.com"
                }
            ],
            "description": "Docblock Annotations Parser",
            "homepage": "http://www.doctrine-project.org",
            "keywords": [
                "annotations",
                "docblock",
                "parser"
            ],
            "time": "2017-02-24T16:22:25+00:00"
        },
        {
            "name": "doctrine/cache",
            "version": "1.6.x-dev",
            "source": {
                "type": "git",
                "url": "https://github.com/doctrine/cache.git",
                "reference": "eb152c5100571c7a45470ff2a35095ab3f3b900b"
            },
            "dist": {
                "type": "zip",
                "url": "https://api.github.com/repos/doctrine/cache/zipball/eb152c5100571c7a45470ff2a35095ab3f3b900b",
                "reference": "eb152c5100571c7a45470ff2a35095ab3f3b900b",
                "shasum": ""
            },
            "require": {
                "php": "~5.5|~7.0"
            },
            "conflict": {
                "doctrine/common": ">2.2,<2.4"
            },
            "require-dev": {
                "phpunit/phpunit": "~4.8|~5.0",
                "predis/predis": "~1.0",
                "satooshi/php-coveralls": "~0.6"
            },
            "type": "library",
            "extra": {
                "branch-alias": {
                    "dev-master": "1.6.x-dev"
                }
            },
            "autoload": {
                "psr-4": {
                    "Doctrine\\Common\\Cache\\": "lib/Doctrine/Common/Cache"
                }
            },
            "notification-url": "https://packagist.org/downloads/",
            "license": [
                "MIT"
            ],
            "authors": [
                {
                    "name": "Roman Borschel",
                    "email": "roman@code-factory.org"
                },
                {
                    "name": "Benjamin Eberlei",
                    "email": "kontakt@beberlei.de"
                },
                {
                    "name": "Guilherme Blanco",
                    "email": "guilhermeblanco@gmail.com"
                },
                {
                    "name": "Jonathan Wage",
                    "email": "jonwage@gmail.com"
                },
                {
                    "name": "Johannes Schmitt",
                    "email": "schmittjoh@gmail.com"
                }
            ],
            "description": "Caching library offering an object-oriented API for many cache backends",
            "homepage": "http://www.doctrine-project.org",
            "keywords": [
                "cache",
                "caching"
            ],
            "time": "2017-07-22T12:49:21+00:00"
        },
        {
            "name": "doctrine/collections",
            "version": "v1.4.0",
            "source": {
                "type": "git",
                "url": "https://github.com/doctrine/collections.git",
                "reference": "1a4fb7e902202c33cce8c55989b945612943c2ba"
            },
            "dist": {
                "type": "zip",
                "url": "https://api.github.com/repos/doctrine/collections/zipball/1a4fb7e902202c33cce8c55989b945612943c2ba",
                "reference": "1a4fb7e902202c33cce8c55989b945612943c2ba",
                "shasum": ""
            },
            "require": {
                "php": "^5.6 || ^7.0"
            },
            "require-dev": {
                "doctrine/coding-standard": "~0.1@dev",
                "phpunit/phpunit": "^5.7"
            },
            "type": "library",
            "extra": {
                "branch-alias": {
                    "dev-master": "1.3.x-dev"
                }
            },
            "autoload": {
                "psr-0": {
                    "Doctrine\\Common\\Collections\\": "lib/"
                }
            },
            "notification-url": "https://packagist.org/downloads/",
            "license": [
                "MIT"
            ],
            "authors": [
                {
                    "name": "Roman Borschel",
                    "email": "roman@code-factory.org"
                },
                {
                    "name": "Benjamin Eberlei",
                    "email": "kontakt@beberlei.de"
                },
                {
                    "name": "Guilherme Blanco",
                    "email": "guilhermeblanco@gmail.com"
                },
                {
                    "name": "Jonathan Wage",
                    "email": "jonwage@gmail.com"
                },
                {
                    "name": "Johannes Schmitt",
                    "email": "schmittjoh@gmail.com"
                }
            ],
            "description": "Collections Abstraction library",
            "homepage": "http://www.doctrine-project.org",
            "keywords": [
                "array",
                "collections",
                "iterator"
            ],
            "time": "2017-01-03T10:49:41+00:00"
        },
        {
            "name": "doctrine/common",
            "version": "2.7.x-dev",
            "source": {
                "type": "git",
                "url": "https://github.com/doctrine/common.git",
                "reference": "df88fc88463a60f228a8233acf3fa8664897229c"
            },
            "dist": {
                "type": "zip",
                "url": "https://api.github.com/repos/doctrine/common/zipball/df88fc88463a60f228a8233acf3fa8664897229c",
                "reference": "df88fc88463a60f228a8233acf3fa8664897229c",
                "shasum": ""
            },
            "require": {
                "doctrine/annotations": "1.*",
                "doctrine/cache": "1.*",
                "doctrine/collections": "1.*",
                "doctrine/inflector": "1.*",
                "doctrine/lexer": "1.*",
                "php": "~5.6|~7.0"
            },
            "require-dev": {
                "phpunit/phpunit": "^5.4.6"
            },
            "type": "library",
            "extra": {
                "branch-alias": {
                    "dev-master": "2.7.x-dev"
                }
            },
            "autoload": {
                "psr-4": {
                    "Doctrine\\Common\\": "lib/Doctrine/Common"
                }
            },
            "notification-url": "https://packagist.org/downloads/",
            "license": [
                "MIT"
            ],
            "authors": [
                {
                    "name": "Roman Borschel",
                    "email": "roman@code-factory.org"
                },
                {
                    "name": "Benjamin Eberlei",
                    "email": "kontakt@beberlei.de"
                },
                {
                    "name": "Guilherme Blanco",
                    "email": "guilhermeblanco@gmail.com"
                },
                {
                    "name": "Jonathan Wage",
                    "email": "jonwage@gmail.com"
                },
                {
                    "name": "Johannes Schmitt",
                    "email": "schmittjoh@gmail.com"
                }
            ],
            "description": "Common Library for Doctrine projects",
            "homepage": "http://www.doctrine-project.org",
            "keywords": [
                "annotations",
                "collections",
                "eventmanager",
                "persistence",
                "spl"
            ],
            "time": "2017-07-22T08:35:55+00:00"
        },
        {
            "name": "doctrine/dbal",
            "version": "2.5.x-dev",
            "source": {
                "type": "git",
                "url": "https://github.com/doctrine/dbal.git",
                "reference": "9315e61c4c525167fbcc963c38ef136f691c99e9"
            },
            "dist": {
                "type": "zip",
                "url": "https://api.github.com/repos/doctrine/dbal/zipball/9315e61c4c525167fbcc963c38ef136f691c99e9",
                "reference": "9315e61c4c525167fbcc963c38ef136f691c99e9",
                "shasum": ""
            },
            "require": {
                "doctrine/common": ">=2.4,<2.8-dev",
                "php": ">=5.3.2"
            },
            "require-dev": {
                "phpunit/phpunit": "4.*",
                "symfony/console": "2.*||^3.0"
            },
            "suggest": {
                "symfony/console": "For helpful console commands such as SQL execution and import of files."
            },
            "bin": [
                "bin/doctrine-dbal"
            ],
            "type": "library",
            "extra": {
                "branch-alias": {
                    "dev-master": "2.5.x-dev"
                }
            },
            "autoload": {
                "psr-0": {
                    "Doctrine\\DBAL\\": "lib/"
                }
            },
            "notification-url": "https://packagist.org/downloads/",
            "license": [
                "MIT"
            ],
            "authors": [
                {
                    "name": "Roman Borschel",
                    "email": "roman@code-factory.org"
                },
                {
                    "name": "Benjamin Eberlei",
                    "email": "kontakt@beberlei.de"
                },
                {
                    "name": "Guilherme Blanco",
                    "email": "guilhermeblanco@gmail.com"
                },
                {
                    "name": "Jonathan Wage",
                    "email": "jonwage@gmail.com"
                }
            ],
            "description": "Database Abstraction Layer",
            "homepage": "http://www.doctrine-project.org",
            "keywords": [
                "database",
                "dbal",
                "persistence",
                "queryobject"
            ],
            "time": "2017-07-22T20:45:23+00:00"
        },
        {
            "name": "doctrine/inflector",
            "version": "1.2.x-dev",
            "source": {
                "type": "git",
                "url": "https://github.com/doctrine/inflector.git",
                "reference": "e11d84c6e018beedd929cff5220969a3c6d1d462"
            },
            "dist": {
                "type": "zip",
                "url": "https://api.github.com/repos/doctrine/inflector/zipball/e11d84c6e018beedd929cff5220969a3c6d1d462",
                "reference": "e11d84c6e018beedd929cff5220969a3c6d1d462",
                "shasum": ""
            },
            "require": {
                "php": "^7.0"
            },
            "require-dev": {
                "phpunit/phpunit": "^6.2"
            },
            "type": "library",
            "extra": {
                "branch-alias": {
                    "dev-master": "1.2.x-dev"
                }
            },
            "autoload": {
                "psr-4": {
                    "Doctrine\\Common\\Inflector\\": "lib/Doctrine/Common/Inflector"
                }
            },
            "notification-url": "https://packagist.org/downloads/",
            "license": [
                "MIT"
            ],
            "authors": [
                {
                    "name": "Roman Borschel",
                    "email": "roman@code-factory.org"
                },
                {
                    "name": "Benjamin Eberlei",
                    "email": "kontakt@beberlei.de"
                },
                {
                    "name": "Guilherme Blanco",
                    "email": "guilhermeblanco@gmail.com"
                },
                {
                    "name": "Jonathan Wage",
                    "email": "jonwage@gmail.com"
                },
                {
                    "name": "Johannes Schmitt",
                    "email": "schmittjoh@gmail.com"
                }
            ],
            "description": "Common String Manipulations with regard to casing and singular/plural rules.",
            "homepage": "http://www.doctrine-project.org",
            "keywords": [
                "inflection",
                "pluralize",
                "singularize",
                "string"
            ],
            "time": "2017-07-22T12:18:28+00:00"
        },
        {
            "name": "doctrine/lexer",
            "version": "dev-master",
            "source": {
                "type": "git",
                "url": "https://github.com/doctrine/lexer.git",
                "reference": "cc709ba91eee09540091ad5a5f2616727662e41b"
            },
            "dist": {
                "type": "zip",
                "url": "https://api.github.com/repos/doctrine/lexer/zipball/cc709ba91eee09540091ad5a5f2616727662e41b",
                "reference": "cc709ba91eee09540091ad5a5f2616727662e41b",
                "shasum": ""
            },
            "require": {
                "php": ">=5.3.2"
            },
            "type": "library",
            "extra": {
                "branch-alias": {
                    "dev-master": "1.0.x-dev"
                }
            },
            "autoload": {
                "psr-4": {
                    "Doctrine\\Common\\Lexer\\": "lib/Doctrine/Common/Lexer"
                }
            },
            "notification-url": "https://packagist.org/downloads/",
            "license": [
                "MIT"
            ],
            "authors": [
                {
                    "name": "Roman Borschel",
                    "email": "roman@code-factory.org"
                },
                {
                    "name": "Guilherme Blanco",
                    "email": "guilhermeblanco@gmail.com"
                },
                {
                    "name": "Johannes Schmitt",
                    "email": "schmittjoh@gmail.com"
                }
            ],
            "description": "Base library for a lexer that can be used in Top-Down, Recursive Descent Parsers.",
            "homepage": "http://www.doctrine-project.org",
            "keywords": [
                "lexer",
                "parser"
            ],
            "time": "2017-07-24T09:37:08+00:00"
        },
        {
            "name": "ircmaxell/password-compat",
            "version": "1.0.x-dev",
            "source": {
                "type": "git",
                "url": "https://github.com/ircmaxell/password_compat.git",
                "reference": "9b99377557a33a4129c9194e60a97a685fab21e0"
            },
            "dist": {
                "type": "zip",
                "url": "https://api.github.com/repos/ircmaxell/password_compat/zipball/9b99377557a33a4129c9194e60a97a685fab21e0",
                "reference": "9b99377557a33a4129c9194e60a97a685fab21e0",
                "shasum": ""
            },
            "require-dev": {
                "phpunit/phpunit": "4.*"
            },
            "type": "library",
            "autoload": {
                "files": [
                    "lib/password.php"
                ]
            },
            "notification-url": "https://packagist.org/downloads/",
            "license": [
                "MIT"
            ],
            "authors": [
                {
                    "name": "Anthony Ferrara",
                    "email": "ircmaxell@php.net",
                    "homepage": "http://blog.ircmaxell.com"
                }
            ],
            "description": "A compatibility library for the proposed simplified password hashing algorithm: https://wiki.php.net/rfc/password_hash",
            "homepage": "https://github.com/ircmaxell/password_compat",
            "keywords": [
                "hashing",
                "password"
            ],
            "time": "2014-11-20T19:18:42+00:00"
        },
        {
            "name": "joomla-x/di",
            "version": "dev-3.0-dev",
            "source": {
                "type": "git",
                "url": "https://github.com/joomla-x/di.git",
                "reference": "59ffc491d6445de0225192ccd3032ccfb66f59e6"
            },
            "dist": {
                "type": "zip",
                "url": "https://api.github.com/repos/joomla-x/di/zipball/59ffc491d6445de0225192ccd3032ccfb66f59e6",
                "reference": "59ffc491d6445de0225192ccd3032ccfb66f59e6",
                "shasum": ""
            },
            "require": {
                "php": "~7.0",
                "psr/container": "~1.0"
            },
            "provide": {
                "psr/container-implementation": "~1.0"
            },
            "require-dev": {
                "phpunit/phpunit": "~6.3",
                "squizlabs/php_codesniffer": "^3.0",
                "symfony/yaml": "^3.3"
            },
            "suggest": {
                "symfony/yaml": "Allows to read Yaml config file"
            },
            "type": "joomla-package",
            "extra": {
                "branch-alias": {
                    "dev-3.0-dev": "3.0-dev"
                }
            },
            "autoload": {
                "psr-4": {
                    "Joomla\\DI\\": "src/"
                }
            },
            "notification-url": "https://packagist.org/downloads/",
            "license": [
                "GPL-2.0+"
            ],
            "description": "Joomla DI Package",
            "homepage": "https://github.com/joomla-x/di",
            "keywords": [
                "container",
                "dependency injection",
                "di",
                "framework",
                "ioc",
                "joomla"
            ],
            "time": "2017-08-20T18:24:32+00:00"
        },
        {
            "name": "joomla-x/entities-joomla3",
            "version": "dev-master",
            "source": {
                "type": "git",
                "url": "https://github.com/joomla-x/entities-joomla3.git",
                "reference": "051ba39c24713e20c63f2580580137c17059b87a"
            },
            "dist": {
                "type": "zip",
                "url": "https://api.github.com/repos/joomla-x/entities-joomla3/zipball/051ba39c24713e20c63f2580580137c17059b87a",
                "reference": "051ba39c24713e20c63f2580580137c17059b87a",
                "shasum": ""
            },
            "type": "library",
            "notification-url": "https://packagist.org/downloads/",
            "license": [
                "GPL2+"
            ],
            "authors": [
                {
                    "name": "Niels Braczek",
                    "email": "nbraczek@bsds.de"
                }
            ],
            "description": "ORM entity definitions for Joomla!3 entities",
            "time": "2017-11-13T15:26:31+00:00"
        },
        {
            "name": "joomla-x/event",
            "version": "dev-3.0-dev",
            "source": {
                "type": "git",
                "url": "https://github.com/joomla-x/event.git",
                "reference": "48caf049ee03049abb378b4a5e60a16e0a32bfa7"
            },
            "dist": {
                "type": "zip",
                "url": "https://api.github.com/repos/joomla-x/event/zipball/48caf049ee03049abb378b4a5e60a16e0a32bfa7",
                "reference": "48caf049ee03049abb378b4a5e60a16e0a32bfa7",
                "shasum": ""
            },
            "require": {
                "php": "~7.0",
                "psr/log": "^1.0"
            },
            "require-dev": {
                "phpunit/phpunit": "~6.3",
                "squizlabs/php_codesniffer": "^3.0"
            },
            "type": "joomla-package",
            "extra": {
                "branch-alias": {
                    "dev-3.0-dev": "3.0-dev"
                }
            },
            "autoload": {
                "psr-4": {
                    "Joomla\\Event\\": "src/"
                }
            },
            "notification-url": "https://packagist.org/downloads/",
            "license": [
                "GPL-2.0+"
            ],
            "description": "Joomla Event Package",
            "homepage": "https://github.com/joomla-x/event",
            "keywords": [
                "event",
                "framework",
                "joomla"
            ],
            "time": "2017-08-20T18:23:23+00:00"
        },
        {
            "name": "joomla-x/orm",
            "version": "dev-master",
            "source": {
                "type": "git",
                "url": "https://github.com/joomla-x/orm.git",
                "reference": "4e1566895bd66b422b339b1bbd88f8bd1ba6a610"
            },
            "dist": {
                "type": "zip",
                "url": "https://api.github.com/repos/joomla-x/orm/zipball/4e1566895bd66b422b339b1bbd88f8bd1ba6a610",
                "reference": "4e1566895bd66b422b339b1bbd88f8bd1ba6a610",
                "shasum": ""
            },
            "require": {
                "doctrine/dbal": "^2.5.5",
                "joomla-x/di": "3.0.x-dev",
                "joomla-x/event": "3.0.x-dev",
                "joomla/registry": "^1.5",
                "joomla/string": "^1.4"
            },
            "require-dev": {
                "phpunit/dbunit": "^3.0",
                "phpunit/phpunit": "^6.3",
                "squizlabs/php_codesniffer": "^3.0"
            },
            "type": "joomla-package",
            "extra": {
                "branch-alias": {
                    "dev-1.0-dev": "1.0-dev"
                }
            },
            "autoload": {
                "psr-4": {
                    "Joomla\\ORM\\": "src/"
                }
            },
            "notification-url": "https://packagist.org/downloads/",
            "license": [
                "GPL-2.0+"
            ],
            "description": "Joomla ORM Package",
            "homepage": "https://github.com/joomla-x/orm",
            "keywords": [
                "database",
                "datamapper",
                "experimental",
                "joomla",
                "joomla-x",
                "orm",
                "repository"
            ],
            "time": "2017-11-13T15:29:01+00:00"
        },
        {
            "name": "joomla/compat",
            "version": "1.2.0",
            "source": {
                "type": "git",
                "url": "https://github.com/joomla-framework/compat.git",
                "reference": "f23565fe0184517778996226eb4b2333deb369c4"
            },
            "dist": {
                "type": "zip",
                "url": "https://api.github.com/repos/joomla-framework/compat/zipball/f23565fe0184517778996226eb4b2333deb369c4",
                "reference": "f23565fe0184517778996226eb4b2333deb369c4",
                "shasum": ""
            },
            "require": {
                "php": ">=5.3.10"
            },
            "type": "joomla-package",
            "autoload": {
                "classmap": [
                    "src/JsonSerializable.php",
                    "src/CallbackFilterIterator.php"
                ]
            },
            "notification-url": "https://packagist.org/downloads/",
            "license": [
                "GPL-2.0+"
            ],
            "description": "Joomla Compat Package",
            "homepage": "https://github.com/joomla-framework/compat",
            "keywords": [
                "compat",
                "framework",
                "joomla"
            ],
            "time": "2015-02-24T00:21:06+00:00"
        },
        {
            "name": "joomla/registry",
            "version": "dev-master",
            "source": {
                "type": "git",
                "url": "https://github.com/joomla-framework/registry.git",
                "reference": "98246af8a1dc3202ef8d7c92500a76e88fa29890"
            },
            "dist": {
                "type": "zip",
                "url": "https://api.github.com/repos/joomla-framework/registry/zipball/98246af8a1dc3202ef8d7c92500a76e88fa29890",
                "reference": "98246af8a1dc3202ef8d7c92500a76e88fa29890",
                "shasum": ""
            },
            "require": {
                "joomla/compat": "~1.0",
                "joomla/utilities": "^1.4.1|~2.0",
                "php": "^5.3.10|~7.0",
                "symfony/polyfill-php55": "~1.0"
            },
            "require-dev": {
                "joomla/test": "~1.0",
                "phpunit/phpunit": "^4.8.35|^5.4.3|~6.0",
                "squizlabs/php_codesniffer": "1.*",
                "symfony/yaml": "~2.0|~3.0"
            },
            "suggest": {
                "symfony/yaml": "Install symfony/yaml if you require YAML support."
            },
            "type": "joomla-package",
            "extra": {
                "branch-alias": {
                    "dev-master": "1.x-dev"
                }
            },
            "autoload": {
                "psr-4": {
                    "Joomla\\Registry\\": "src/"
                }
            },
            "notification-url": "https://packagist.org/downloads/",
            "license": [
                "GPL-2.0+"
            ],
            "description": "Joomla Registry Package",
            "homepage": "https://github.com/joomla-framework/registry",
            "keywords": [
                "framework",
                "joomla",
                "registry"
            ],
            "time": "2017-07-30T22:03:51+00:00"
        },
        {
            "name": "joomla/string",
            "version": "dev-master",
            "source": {
                "type": "git",
                "url": "https://github.com/joomla-framework/string.git",
                "reference": "fc28cf405009357088496c1f45aa20d8d7d7a140"
            },
            "dist": {
                "type": "zip",
                "url": "https://api.github.com/repos/joomla-framework/string/zipball/fc28cf405009357088496c1f45aa20d8d7d7a140",
                "reference": "fc28cf405009357088496c1f45aa20d8d7d7a140",
                "shasum": ""
            },
            "require": {
                "php": "^5.3.10|~7.0"
            },
            "require-dev": {
                "joomla/test": "~1.0",
                "phpunit/phpunit": "^4.8.35|^5.4.3|~6.0",
                "squizlabs/php_codesniffer": "1.*"
            },
            "suggest": {
                "ext-mbstring": "For improved processing"
            },
            "type": "joomla-package",
            "extra": {
                "branch-alias": {
                    "dev-master": "1.x-dev"
                }
            },
            "autoload": {
                "psr-4": {
                    "Joomla\\String\\": "src/"
                },
                "files": [
                    "src/phputf8/utf8.php",
                    "src/phputf8/ord.php",
                    "src/phputf8/str_ireplace.php",
                    "src/phputf8/str_pad.php",
                    "src/phputf8/str_split.php",
                    "src/phputf8/strcasecmp.php",
                    "src/phputf8/strcspn.php",
                    "src/phputf8/stristr.php",
                    "src/phputf8/strrev.php",
                    "src/phputf8/strspn.php",
                    "src/phputf8/trim.php",
                    "src/phputf8/ucfirst.php",
                    "src/phputf8/ucwords.php",
                    "src/phputf8/utils/ascii.php",
                    "src/phputf8/utils/validation.php"
                ]
            },
            "notification-url": "https://packagist.org/downloads/",
            "license": [
                "GPL-2.0+"
            ],
            "description": "Joomla String Package",
            "homepage": "https://github.com/joomla-framework/string",
            "keywords": [
                "framework",
                "joomla",
                "string"
            ],
            "time": "2017-08-16T18:14:35+00:00"
        },
        {
            "name": "joomla/utilities",
            "version": "dev-2.0-dev",
            "source": {
                "type": "git",
                "url": "https://github.com/joomla-framework/utilities.git",
                "reference": "bb981c462bf40a894c89b24566b0136b0d2924c7"
            },
            "dist": {
                "type": "zip",
                "url": "https://api.github.com/repos/joomla-framework/utilities/zipball/bb981c462bf40a894c89b24566b0136b0d2924c7",
                "reference": "bb981c462bf40a894c89b24566b0136b0d2924c7",
                "shasum": ""
            },
            "require": {
                "joomla/string": "~1.3|~2.0",
                "php": "~7.0"
            },
            "require-dev": {
                "phpunit/phpunit": "~6.3",
                "squizlabs/php_codesniffer": "1.*"
            },
            "type": "joomla-package",
            "extra": {
                "branch-alias": {
                    "dev-2.0-dev": "2.0-dev"
                }
            },
            "autoload": {
                "psr-4": {
                    "Joomla\\Utilities\\": "src/"
                }
            },
            "notification-url": "https://packagist.org/downloads/",
            "license": [
                "GPL-2.0+"
            ],
            "description": "Joomla Utilities Package",
            "homepage": "https://github.com/joomla-framework/utilities",
            "keywords": [
                "framework",
                "joomla",
                "utilities"
            ],
            "time": "2017-11-12T15:25:39+00:00"
        },
        {
            "name": "psr/container",
            "version": "dev-master",
            "source": {
                "type": "git",
                "url": "https://github.com/php-fig/container.git",
                "reference": "2cc4a01788191489dc7459446ba832fa79a216a7"
            },
            "dist": {
                "type": "zip",
                "url": "https://api.github.com/repos/php-fig/container/zipball/2cc4a01788191489dc7459446ba832fa79a216a7",
                "reference": "2cc4a01788191489dc7459446ba832fa79a216a7",
                "shasum": ""
            },
            "require": {
                "php": ">=5.3.0"
            },
            "type": "library",
            "extra": {
                "branch-alias": {
                    "dev-master": "1.0.x-dev"
                }
            },
            "autoload": {
                "psr-4": {
                    "Psr\\Container\\": "src/"
                }
            },
            "notification-url": "https://packagist.org/downloads/",
            "license": [
                "MIT"
            ],
            "authors": [
                {
                    "name": "PHP-FIG",
                    "homepage": "http://www.php-fig.org/"
                }
            ],
            "description": "Common Container Interface (PHP FIG PSR-11)",
            "homepage": "https://github.com/php-fig/container",
            "keywords": [
                "PSR-11",
                "container",
                "container-interface",
                "container-interop",
                "psr"
            ],
            "time": "2017-06-28T15:35:32+00:00"
        },
        {
            "name": "psr/log",
            "version": "dev-master",
            "source": {
                "type": "git",
                "url": "https://github.com/php-fig/log.git",
                "reference": "4ebe3a8bf773a19edfe0a84b6585ba3d401b724d"
            },
            "dist": {
                "type": "zip",
                "url": "https://api.github.com/repos/php-fig/log/zipball/4ebe3a8bf773a19edfe0a84b6585ba3d401b724d",
                "reference": "4ebe3a8bf773a19edfe0a84b6585ba3d401b724d",
                "shasum": ""
            },
            "require": {
                "php": ">=5.3.0"
            },
            "type": "library",
            "extra": {
                "branch-alias": {
                    "dev-master": "1.0.x-dev"
                }
            },
            "autoload": {
                "psr-4": {
                    "Psr\\Log\\": "Psr/Log/"
                }
            },
            "notification-url": "https://packagist.org/downloads/",
            "license": [
                "MIT"
            ],
            "authors": [
                {
                    "name": "PHP-FIG",
                    "homepage": "http://www.php-fig.org/"
                }
            ],
            "description": "Common interface for logging libraries",
            "homepage": "https://github.com/php-fig/log",
            "keywords": [
                "log",
                "psr",
                "psr-3"
            ],
            "time": "2016-10-10T12:19:37+00:00"
        },
        {
            "name": "symfony/polyfill-php55",
            "version": "dev-master",
            "source": {
                "type": "git",
                "url": "https://github.com/symfony/polyfill-php55.git",
                "reference": "b64e7f0c37ecf144ecc16668936eef94e628fbfd"
            },
            "dist": {
                "type": "zip",
                "url": "https://api.github.com/repos/symfony/polyfill-php55/zipball/b64e7f0c37ecf144ecc16668936eef94e628fbfd",
                "reference": "b64e7f0c37ecf144ecc16668936eef94e628fbfd",
                "shasum": ""
            },
            "require": {
                "ircmaxell/password-compat": "~1.0",
                "php": ">=5.3.3"
            },
            "type": "library",
            "extra": {
                "branch-alias": {
                    "dev-master": "1.6-dev"
                }
            },
            "autoload": {
                "psr-4": {
                    "Symfony\\Polyfill\\Php55\\": ""
                },
                "files": [
                    "bootstrap.php"
                ]
            },
            "notification-url": "https://packagist.org/downloads/",
            "license": [
                "MIT"
            ],
            "authors": [
                {
                    "name": "Nicolas Grekas",
                    "email": "p@tchwork.com"
                },
                {
                    "name": "Symfony Community",
                    "homepage": "https://symfony.com/contributors"
                }
            ],
            "description": "Symfony polyfill backporting some PHP 5.5+ features to lower PHP versions",
            "homepage": "https://symfony.com",
            "keywords": [
                "compatibility",
                "polyfill",
                "portable",
                "shim"
            ],
            "time": "2017-10-11T12:05:26+00:00"
        }
    ],
    "packages-dev": [],
    "aliases": [],
    "minimum-stability": "dev",
    "stability-flags": {
        "joomla-x/orm": 20,
        "joomla-x/entities-joomla3": 20
    },
    "prefer-stable": false,
    "prefer-lowest": false,
    "platform": [],
    "platform-dev": []
}
